
Microsoft Visual Studio Solution File, Format Version 12.00
# Visual Studio Version 17
VisualStudioVersion = 17.10.35027.167
MinimumVisualStudioVersion = 10.0.40219.1
Project("{FAE04EC0-301F-11D3-BF4B-00C04F79EFBC}") = "Blog", "Blog\Blog.csproj", "{0D98E639-2B43-42EF-B566-49B1216EC937}"
EndProject
Project("{FAE04EC0-301F-11D3-BF4B-00C04F79EFBC}") = "Blog.Entity", "Blog.Entity\Blog.Entity.csproj", "{AFEA39A5-66E0-4DE1-A06D-ABC6DC9BB485}"
EndProject
Project("{FAE04EC0-301F-11D3-BF4B-00C04F79EFBC}") = "Blog.Data", "Blog.Data\Blog.Data.csproj", "{E31F1DED-CA25-4103-9739-FE84C563F4A4}"
EndProject
Project("{FAE04EC0-301F-11D3-BF4B-00C04F79EFBC}") = "Blog.Service", "Blog.Service\Blog.Service.csproj", "{1EBB87C0-0416-41D7-B012-43E7E02BE766}"
EndProject
Project("{FAE04EC0-301F-11D3-BF4B-00C04F79EFBC}") = "Blog.Core", "Blog.Core\Blog.Core.csproj", "{69E68AB7-D237-463F-A2F5-F57EEEF2A953}"
EndProject
Global
	GlobalSection(SolutionConfigurationPlatforms) = preSolution
		Debug|Any CPU = Debug|Any CPU
		Release|Any CPU = Release|Any CPU
	EndGlobalSection
	GlobalSection(ProjectConfigurationPlatforms) = postSolution
		{0D98E639-2B43-42EF-B566-49B1216EC937}.Debug|Any CPU.ActiveCfg = Debug|Any CPU
		{0D98E639-2B43-42EF-B566-49B1216EC937}.Debug|Any CPU.Build.0 = Debug|Any CPU
		{0D98E639-2B43-42EF-B566-49B1216EC937}.Release|Any CPU.ActiveCfg = Release|Any CPU
		{0D98E639-2B43-42EF-B566-49B1216EC937}.Release|Any CPU.Build.0 = Release|Any CPU
		{AFEA39A5-66E0-4DE1-A06D-ABC6DC9BB485}.Debug|Any CPU.ActiveCfg = Debug|Any CPU
		{AFEA39A5-66E0-4DE1-A06D-ABC6DC9BB485}.Debug|Any CPU.Build.0 = Debug|Any CPU
		{AFEA39A5-66E0-4DE1-A06D-ABC6DC9BB485}.Release|Any CPU.ActiveCfg = Release|Any CPU
		{AFEA39A5-66E0-4DE1-A06D-ABC6DC9BB485}.Release|Any CPU.Build.0 = Release|Any CPU
		{E31F1DED-CA25-4103-9739-FE84C563F4A4}.Debug|Any CPU.ActiveCfg = Debug|Any CPU
		{E31F1DED-CA25-4103-9739-FE84C563F4A4}.Debug|Any CPU.Build.0 = Debug|Any CPU
		{E31F1DED-CA25-4103-9739-FE84C563F4A4}.Release|Any CPU.ActiveCfg = Release|Any CPU
		{E31F1DED-CA25-4103-9739-FE84C563F4A4}.Release|Any CPU.Build.0 = Release|Any CPU
		{1EBB87C0-0416-41D7-B012-43E7E02BE766}.Debug|Any CPU.ActiveCfg = Debug|Any CPU
		{1EBB87C0-0416-41D7-B012-43E7E02BE766}.Debug|Any CPU.Build.0 = Debug|Any CPU
		{1EBB87C0-0416-41D7-B012-43E7E02BE766}.Release|Any CPU.ActiveCfg = Release|Any CPU
		{1EBB87C0-0416-41D7-B012-43E7E02BE766}.Release|Any CPU.Build.0 = Release|Any CPU
		{69E68AB7-D237-463F-A2F5-F57EEEF2A953}.Debug|Any CPU.ActiveCfg = Debug|Any CPU
		{69E68AB7-D237-463F-A2F5-F57EEEF2A953}.Debug|Any CPU.Build.0 = Debug|Any CPU
		{69E68AB7-D237-463F-A2F5-F57EEEF2A953}.Release|Any CPU.ActiveCfg = Release|Any CPU
		{69E68AB7-D237-463F-A2F5-F57EEEF2A953}.Release|Any CPU.Build.0 = Release|Any CPU
	EndGlobalSection
	GlobalSection(SolutionProperties) = preSolution
		HideSolutionNode = FALSE
	EndGlobalSection
	GlobalSection(ExtensibilityGlobals) = postSolution
		SolutionGuid = {C8ACD76F-161F-4AC2-80FC-9BCB7403AD40}
	EndGlobalSection
EndGlobal
